
Microsoft Visual Studio Solution File, Format Version 11.00
# Visual Studio 2010
Project("{FAE04EC0-301F-11D3-BF4B-00C04F79EFBC}") = "ExpenseReport", "ExpenseReport\ExpenseReport.csproj", "{39BDFB02-9000-424B-80CF-6B3DCFC7FB73}"
EndProject
Global
	GlobalSection(SolutionConfigurationPlatforms) = preSolution
		Debug|Any CPU = Debug|Any CPU
		Release|Any CPU = Release|Any CPU
	EndGlobalSection
	GlobalSection(ProjectConfigurationPlatforms) = postSolution
		{39BDFB02-9000-424B-80CF-6B3DCFC7FB73}.Debug|Any CPU.ActiveCfg = Debug|Any CPU
		{39BDFB02-9000-424B-80CF-6B3DCFC7FB73}.Debug|Any CPU.Build.0 = Debug|Any CPU
		{39BDFB02-9000-424B-80CF-6B3DCFC7FB73}.Release|Any CPU.ActiveCfg = Release|Any CPU
		{39BDFB02-9000-424B-80CF-6B3DCFC7FB73}.Release|Any CPU.Build.0 = Release|Any CPU
	EndGlobalSection
	GlobalSection(SolutionProperties) = preSolution
		HideSolutionNode = FALSE
	EndGlobalSection
EndGlobal
